{
  "name": "threejs-dice",
  "version": "1.1.0",
  "lockfileVersion": 2,
  "requires": true,
  "packages": {
    "": {
      "name": "threejs-dice",
      "version": "1.1.0",
      "license": "MIT",
      "dependencies": {
        "@types/cannon": "^0.1.2",
        "@types/three": "^0.127.1",
        "cannon": "^0.6.2",
        "three": "^0.127.0"
      }
    },
    "node_modules/@types/cannon": {
      "version": "0.1.5",
      "resolved": "https://registry.npmjs.org/@types/cannon/-/cannon-0.1.5.tgz",
      "integrity": "sha512-o+FQmZV4fDXKI1W+1Rt3FNDmMGU7Iv4ObWFAH/dVB9AqzdgD7FmbW4QmsxVQGcj8a563xyVV9UXVB9rba7ps2w=="
    },
    "node_modules/@types/three": {
      "version": "0.127.1",
      "resolved": "https://registry.npmjs.org/@types/three/-/three-0.127.1.tgz",
      "integrity": "sha512-e90iYq3zde3axANg7BPZY0fKrez1AzveamIIFk23PMh9WtCx91geokDy+yEAIymdIldgUpvezAP6+zCV3oekXw=="
    },
    "node_modules/cannon": {
      "version": "0.6.2",
      "resolved": "https://registry.npmjs.org/cannon/-/cannon-0.6.2.tgz",
      "integrity": "sha1-HnvHLdWEGYLzwQTCvFeL+k+xxXI=",
      "engines": {
        "node": "*"
      }
    },
    "node_modules/three": {
      "version": "0.127.0",
      "resolved": "https://registry.npmjs.org/three/-/three-0.127.0.tgz",
      "integrity": "sha512-wtgrn+mhYUbobxT7QN3GPdu3SRpSBQvwY6uOzLChWS7QE//f7paDU/+wlzbg+ngeIvBBqjBHSRuywTh8A99Jng=="
    }
  },
  "dependencies": {
    "@types/cannon": {
      "version": "0.1.5",
      "resolved": "https://registry.npmjs.org/@types/cannon/-/cannon-0.1.5.tgz",
      "integrity": "sha512-o+FQmZV4fDXKI1W+1Rt3FNDmMGU7Iv4ObWFAH/dVB9AqzdgD7FmbW4QmsxVQGcj8a563xyVV9UXVB9rba7ps2w=="
    },
    "@types/three": {
      "version": "0.127.1",
      "resolved": "https://registry.npmjs.org/@types/three/-/three-0.127.1.tgz",
      "integrity": "sha512-e90iYq3zde3axANg7BPZY0fKrez1AzveamIIFk23PMh9WtCx91geokDy+yEAIymdIldgUpvezAP6+zCV3oekXw=="
    },
    "cannon": {
      "version": "0.6.2",
      "resolved": "https://registry.npmjs.org/cannon/-/cannon-0.6.2.tgz",
      "integrity": "sha1-HnvHLdWEGYLzwQTCvFeL+k+xxXI="
    },
    "three": {
      "version": "0.127.0",
      "resolved": "https://registry.npmjs.org/three/-/three-0.127.0.tgz",
      "integrity": "sha512-wtgrn+mhYUbobxT7QN3GPdu3SRpSBQvwY6uOzLChWS7QE//f7paDU/+wlzbg+ngeIvBBqjBHSRuywTh8A99Jng=="
    }
  }
}
